
Microsoft Visual Studio Solution File, Format Version 12.00
# Visual Studio 15
Project("{FAE04EC0-301F-11D3-BF4B-00C04F79EFBC}") = "Unity.Timeline", "Unity.Timeline.csproj", "{1376409E-A407-B3CE-1DA0-4D030638DA0E}"
EndProject
Project("{FAE04EC0-301F-11D3-BF4B-00C04F79EFBC}") = "Unity.Timeline.Editor", "Unity.Timeline.Editor.csproj", "{6F2C1814-184F-357A-1A5B-6FAB23E3DB90}"
EndProject
Project("{FAE04EC0-301F-11D3-BF4B-00C04F79EFBC}") = "Unity.PlasticSCM.Editor", "Unity.PlasticSCM.Editor.csproj", "{BAE180E9-31C2-3D35-FE3C-48FA27E38C94}"
EndProject
Project("{FAE04EC0-301F-11D3-BF4B-00C04F79EFBC}") = "Unity.2D.Tilemap.Editor", "Unity.2D.Tilemap.Editor.csproj", "{486179CB-238D-A87D-66C9-6FB925DC2E8A}"
EndProject
Project("{FAE04EC0-301F-11D3-BF4B-00C04F79EFBC}") = "Unity.TextMeshPro.Editor", "Unity.TextMeshPro.Editor.csproj", "{EE6B0352-5E15-A3A3-9DB0-6D43D21D1BD9}"
EndProject
Project("{FAE04EC0-301F-11D3-BF4B-00C04F79EFBC}") = "Unity.2D.Aseprite.Editor", "Unity.2D.Aseprite.Editor.csproj", "{5ED1622D-555C-135C-C769-67FC6F7C74BE}"
EndProject
Project("{FAE04EC0-301F-11D3-BF4B-00C04F79EFBC}") = "Unity.VisualScripting.Flow", "Unity.VisualScripting.Flow.csproj", "{E70A3DE1-50C3-FBF4-0588-F2EEA8C7579D}"
EndProject
Project("{FAE04EC0-301F-11D3-BF4B-00C04F79EFBC}") = "UnityEditor.UI", "UnityEditor.UI.csproj", "{8620E3FD-7C75-ABC6-5351-42F1EBB520B5}"
EndProject
Project("{FAE04EC0-301F-11D3-BF4B-00C04F79EFBC}") = "Unity.2D.Psdimporter.Editor", "Unity.2D.Psdimporter.Editor.csproj", "{8B9DC46A-DB24-B9FF-B161-D614A25D8481}"
EndProject
Project("{FAE04EC0-301F-11D3-BF4B-00C04F79EFBC}") = "Unity.VisualScripting.Core", "Unity.VisualScripting.Core.csproj", "{3E17B6E6-9192-69F2-11B8-9CCEFC109DFF}"
EndProject
Project("{FAE04EC0-301F-11D3-BF4B-00C04F79EFBC}") = "Unity.Mathematics", "Unity.Mathematics.csproj", "{D16254AB-5F66-BAAE-4D1D-5ECAE956E456}"
EndProject
Project("{FAE04EC0-301F-11D3-BF4B-00C04F79EFBC}") = "Unity.2D.Common.Path.Editor", "Unity.2D.Common.Path.Editor.csproj", "{6C1D7F62-D5C6-71A2-7BAC-3F9E93B6C34E}"
EndProject
Project("{FAE04EC0-301F-11D3-BF4B-00C04F79EFBC}") = "Cinemachine", "Cinemachine.csproj", "{794A20A0-9DF5-044A-4EDA-2D18DD711812}"
EndProject
Project("{FAE04EC0-301F-11D3-BF4B-00C04F79EFBC}") = "Unity.VisualScripting.Core.Editor", "Unity.VisualScripting.Core.Editor.csproj", "{341DA76E-7EDB-87F9-6261-5B97884697AF}"
EndProject
Project("{FAE04EC0-301F-11D3-BF4B-00C04F79EFBC}") = "Unity.2D.IK.Runtime", "Unity.2D.IK.Runtime.csproj", "{36F9A8DD-9086-C9F7-CCD4-460D88508BCA}"
EndProject
Project("{FAE04EC0-301F-11D3-BF4B-00C04F79EFBC}") = "Unity.2D.Animation.Editor", "Unity.2D.Animation.Editor.csproj", "{5A650FBB-BB6D-CC44-7628-48819FCA1922}"
EndProject
Project("{FAE04EC0-301F-11D3-BF4B-00C04F79EFBC}") = "Unity.VisualScripting.Flow.Editor", "Unity.VisualScripting.Flow.Editor.csproj", "{E3FCEC1E-6038-55CE-EA02-893D24019A39}"
EndProject
Project("{FAE04EC0-301F-11D3-BF4B-00C04F79EFBC}") = "UnityEditor.TestRunner", "UnityEditor.TestRunner.csproj", "{F5596D3C-02D5-7AE8-181A-3A46340B590B}"
EndProject
Project("{FAE04EC0-301F-11D3-BF4B-00C04F79EFBC}") = "Unity.VisualScripting.SettingsProvider.Editor", "Unity.VisualScripting.SettingsProvider.Editor.csproj", "{C21D4ACC-A9BD-707F-6F84-0AFC46F71705}"
EndProject
Project("{FAE04EC0-301F-11D3-BF4B-00C04F79EFBC}") = "UnityEngine.TestRunner", "UnityEngine.TestRunner.csproj", "{BA36F3C2-4A4E-08AA-8C9E-E45B83C7ED63}"
EndProject
Project("{FAE04EC0-301F-11D3-BF4B-00C04F79EFBC}") = "PsdPlugin", "PsdPlugin.csproj", "{ED00777C-AE8D-D896-50E5-8258AA804864}"
EndProject
Project("{FAE04EC0-301F-11D3-BF4B-00C04F79EFBC}") = "Unity.Burst", "Unity.Burst.csproj", "{EEE35028-8364-5CF4-F47B-FDE3899A67A0}"
EndProject
Project("{FAE04EC0-301F-11D3-BF4B-00C04F79EFBC}") = "UnityEngine.UI", "UnityEngine.UI.csproj", "{9D38E2BB-506E-7821-5910-B325B4C931E1}"
EndProject
Project("{FAE04EC0-301F-11D3-BF4B-00C04F79EFBC}") = "Unity.Collections", "Unity.Collections.csproj", "{3934EF3B-88DC-7A0E-EC7A-47EA1704A295}"
EndProject
Project("{FAE04EC0-301F-11D3-BF4B-00C04F79EFBC}") = "Unity.2D.SpriteShape.Editor", "Unity.2D.SpriteShape.Editor.csproj", "{9EEBD243-0D68-1F09-5918-F3302371F097}"
EndProject
Project("{FAE04EC0-301F-11D3-BF4B-00C04F79EFBC}") = "Unity.VisualStudio.Editor", "Unity.VisualStudio.Editor.csproj", "{09480521-8283-3E23-8D45-E05F94B4E26C}"
EndProject
Project("{FAE04EC0-301F-11D3-BF4B-00C04F79EFBC}") = "com.unity.cinemachine.editor", "com.unity.cinemachine.editor.csproj", "{0A40A45F-6E47-F51D-78E9-5857A790BCE9}"
EndProject
Project("{FAE04EC0-301F-11D3-BF4B-00C04F79EFBC}") = "Unity.2D.Tilemap.Extras.Editor", "Unity.2D.Tilemap.Extras.Editor.csproj", "{357FB412-FB56-9044-AD8C-980249F9D88B}"
EndProject
Project("{FAE04EC0-301F-11D3-BF4B-00C04F79EFBC}") = "Unity.Rider.Editor", "Unity.Rider.Editor.csproj", "{9870AE6A-6DDD-B973-4270-B39019D1E347}"
EndProject
Project("{FAE04EC0-301F-11D3-BF4B-00C04F79EFBC}") = "Unity.InternalAPIEditorBridge.001", "Unity.InternalAPIEditorBridge.001.csproj", "{FC154B6E-2BE6-8608-A666-4FE8112EA248}"
EndProject
Project("{FAE04EC0-301F-11D3-BF4B-00C04F79EFBC}") = "Unity.2D.SpriteShape.Runtime", "Unity.2D.SpriteShape.Runtime.csproj", "{6AA94FF5-90C0-037F-48B9-3272A2987697}"
EndProject
Project("{FAE04EC0-301F-11D3-BF4B-00C04F79EFBC}") = "Unity.VisualScripting.State.Editor", "Unity.VisualScripting.State.Editor.csproj", "{EC39D48B-FC9E-08CF-F286-09CE09BC2177}"
EndProject
Project("{FAE04EC0-301F-11D3-BF4B-00C04F79EFBC}") = "Unity.2D.Animation.Runtime", "Unity.2D.Animation.Runtime.csproj", "{D6A048E5-FD62-E7B3-668B-DD110CFC9D10}"
EndProject
Project("{FAE04EC0-301F-11D3-BF4B-00C04F79EFBC}") = "Unity.Burst.CodeGen", "Unity.Burst.CodeGen.csproj", "{8D1577F5-E870-70B3-0213-1FF7C7EF56F2}"
EndProject
Project("{FAE04EC0-301F-11D3-BF4B-00C04F79EFBC}") = "Unity.CollabProxy.Editor", "Unity.CollabProxy.Editor.csproj", "{8FBFC34D-3DEB-09DD-6E7D-67A198FA5F70}"
EndProject
Project("{FAE04EC0-301F-11D3-BF4B-00C04F79EFBC}") = "Unity.2D.Tilemap.Extras", "Unity.2D.Tilemap.Extras.csproj", "{18960894-03C1-3799-1CF7-AE809FA67B69}"
EndProject
Project("{FAE04EC0-301F-11D3-BF4B-00C04F79EFBC}") = "Unity.VisualScripting.State", "Unity.VisualScripting.State.csproj", "{EF0AC1B9-DB88-9EED-338D-C40D0EDD7B5A}"
EndProject
Project("{FAE04EC0-301F-11D3-BF4B-00C04F79EFBC}") = "Assembly-CSharp", "Assembly-CSharp.csproj", "{90731B63-AA41-D21C-CDAB-DD377F5B5F75}"
EndProject
Project("{FAE04EC0-301F-11D3-BF4B-00C04F79EFBC}") = "Unity.TextMeshPro", "Unity.TextMeshPro.csproj", "{96A3C707-68FB-15CE-A6DB-BD68807307D8}"
EndProject
Project("{FAE04EC0-301F-11D3-BF4B-00C04F79EFBC}") = "Unity.2D.Aseprite.Common", "Unity.2D.Aseprite.Common.csproj", "{BDBFB23F-FA63-6794-87EF-07EAD7FC88BE}"
EndProject
Project("{FAE04EC0-301F-11D3-BF4B-00C04F79EFBC}") = "Unity.2D.IK.Editor", "Unity.2D.IK.Editor.csproj", "{89FA1DD6-64C0-1736-B42C-EAD368D36688}"
EndProject
Project("{FAE04EC0-301F-11D3-BF4B-00C04F79EFBC}") = "Unity.InternalAPIEngineBridge.001", "Unity.InternalAPIEngineBridge.001.csproj", "{8A43D3EB-368D-4D30-49D9-C8B5A2638554}"
EndProject
Project("{FAE04EC0-301F-11D3-BF4B-00C04F79EFBC}") = "Unity.Burst.Editor", "Unity.Burst.Editor.csproj", "{D7481466-58AB-0200-DFA0-76799C4EC22C}"
EndProject
Project("{FAE04EC0-301F-11D3-BF4B-00C04F79EFBC}") = "Unity.2D.Common.Editor", "Unity.2D.Common.Editor.csproj", "{B3EF9B78-F4E0-3F3B-5A59-BBD81909D503}"
EndProject
Project("{FAE04EC0-301F-11D3-BF4B-00C04F79EFBC}") = "Unity.2D.Sprite.Editor", "Unity.2D.Sprite.Editor.csproj", "{5196B5C7-4ABD-B139-E8A4-4B86FF49709B}"
EndProject
Project("{FAE04EC0-301F-11D3-BF4B-00C04F79EFBC}") = "Unity.2D.PixelPerfect", "Unity.2D.PixelPerfect.csproj", "{025A4184-60F1-3ECB-4FE2-4EAD051CFCDA}"
EndProject
Project("{FAE04EC0-301F-11D3-BF4B-00C04F79EFBC}") = "Unity.2D.PixelPerfect.Editor", "Unity.2D.PixelPerfect.Editor.csproj", "{EBFE533F-B815-6395-DCF2-D5EA4D72CA65}"
EndProject
Project("{FAE04EC0-301F-11D3-BF4B-00C04F79EFBC}") = "Unity.2D.Common.Runtime", "Unity.2D.Common.Runtime.csproj", "{0327D06B-204B-EC0C-B7B2-305A824F1A51}"
EndProject
Project("{FAE04EC0-301F-11D3-BF4B-00C04F79EFBC}") = "Unity.Mathematics.Editor", "Unity.Mathematics.Editor.csproj", "{A7E8FD0D-6A49-F92B-C8A5-AFBF37C125BA}"
EndProject
Project("{FAE04EC0-301F-11D3-BF4B-00C04F79EFBC}") = "Unity.Collections.BurstCompatibilityGen", "Unity.Collections.BurstCompatibilityGen.csproj", "{70AE3574-53B7-C863-7D4F-92C375978618}"
EndProject
Project("{FAE04EC0-301F-11D3-BF4B-00C04F79EFBC}") = "Unity.VisualScripting.Shared.Editor", "Unity.VisualScripting.Shared.Editor.csproj", "{8D3DAE3D-FD94-43C1-37AC-969453F1792D}"
EndProject
Project("{FAE04EC0-301F-11D3-BF4B-00C04F79EFBC}") = "Unity.Collections.DocCodeSamples", "Unity.Collections.DocCodeSamples.csproj", "{867B8080-ED26-711E-CDA9-C5917FE1379A}"
EndProject
Project("{FAE04EC0-301F-11D3-BF4B-00C04F79EFBC}") = "Unity.PlasticSCM.Editor.Entities", "Unity.PlasticSCM.Editor.Entities.csproj", "{3CD4B6F9-6DBF-E51D-5F26-B539FD774628}"
EndProject
Project("{FAE04EC0-301F-11D3-BF4B-00C04F79EFBC}") = "Unity.Timeline", "Unity.Timeline.Player.csproj", "{E3D849B4-173B-5CF1-CC58-A856EB787EF6}"
EndProject
Project("{FAE04EC0-301F-11D3-BF4B-00C04F79EFBC}") = "Unity.VisualScripting.Flow", "Unity.VisualScripting.Flow.Player.csproj", "{1D5AD51D-4B49-8468-685D-0D98D917D819}"
EndProject
Project("{FAE04EC0-301F-11D3-BF4B-00C04F79EFBC}") = "Unity.VisualScripting.Core", "Unity.VisualScripting.Core.Player.csproj", "{8B746B0A-6338-4CFC-22D4-35A765BAD4CC}"
EndProject
Project("{FAE04EC0-301F-11D3-BF4B-00C04F79EFBC}") = "Unity.Mathematics", "Unity.Mathematics.Player.csproj", "{DA4CD255-3319-2711-7153-373873ABD193}"
EndProject
Project("{FAE04EC0-301F-11D3-BF4B-00C04F79EFBC}") = "Cinemachine", "Cinemachine.Player.csproj", "{C269E0FB-EFDB-10D0-8F6C-14EC0A828ED1}"
EndProject
Project("{FAE04EC0-301F-11D3-BF4B-00C04F79EFBC}") = "Unity.2D.IK.Runtime", "Unity.2D.IK.Runtime.Player.csproj", "{9A65DDE0-E8B9-A748-614A-8CD29D9077A0}"
EndProject
Project("{FAE04EC0-301F-11D3-BF4B-00C04F79EFBC}") = "UnityEngine.TestRunner", "UnityEngine.TestRunner.Player.csproj", "{AC80683E-AB39-A7D4-1E78-FDC1E57FA093}"
EndProject
Project("{FAE04EC0-301F-11D3-BF4B-00C04F79EFBC}") = "Unity.Burst", "Unity.Burst.Player.csproj", "{275987BF-773C-B98E-356F-895A4EC320D0}"
EndProject
Project("{FAE04EC0-301F-11D3-BF4B-00C04F79EFBC}") = "UnityEngine.UI", "UnityEngine.UI.Player.csproj", "{B8517F22-5995-7759-9D71-400BE22FC867}"
EndProject
Project("{FAE04EC0-301F-11D3-BF4B-00C04F79EFBC}") = "Unity.Collections", "Unity.Collections.Player.csproj", "{7C9A7E5B-8EEE-7530-B7C7-D7871A123C77}"
EndProject
Project("{FAE04EC0-301F-11D3-BF4B-00C04F79EFBC}") = "Unity.2D.SpriteShape.Runtime", "Unity.2D.SpriteShape.Runtime.Player.csproj", "{E2721565-5D0E-CC0D-8CF6-CD4D3BF66E84}"
EndProject
Project("{FAE04EC0-301F-11D3-BF4B-00C04F79EFBC}") = "Unity.2D.Animation.Runtime", "Unity.2D.Animation.Runtime.Player.csproj", "{C09B14E6-204A-D9BD-B33F-92D52570189D}"
EndProject
Project("{FAE04EC0-301F-11D3-BF4B-00C04F79EFBC}") = "Unity.2D.Tilemap.Extras", "Unity.2D.Tilemap.Extras.Player.csproj", "{2D5D0613-7821-42E3-365E-2869A7FA546B}"
EndProject
Project("{FAE04EC0-301F-11D3-BF4B-00C04F79EFBC}") = "Unity.VisualScripting.State", "Unity.VisualScripting.State.Player.csproj", "{51BBBAD1-B940-BB7E-E7D2-556D4B64C64B}"
EndProject
Project("{FAE04EC0-301F-11D3-BF4B-00C04F79EFBC}") = "Assembly-CSharp", "Assembly-CSharp.Player.csproj", "{69CF5D24-8349-A4EA-8575-3F72467DD300}"
EndProject
Project("{FAE04EC0-301F-11D3-BF4B-00C04F79EFBC}") = "Unity.TextMeshPro", "Unity.TextMeshPro.Player.csproj", "{03A5A508-7F58-700D-3411-002CCBCB1E47}"
EndProject
Project("{FAE04EC0-301F-11D3-BF4B-00C04F79EFBC}") = "Unity.InternalAPIEngineBridge.001", "Unity.InternalAPIEngineBridge.001.Player.csproj", "{3ED9CD9A-E38C-2B93-1A93-5229D870AFB3}"
EndProject
Project("{FAE04EC0-301F-11D3-BF4B-00C04F79EFBC}") = "Unity.2D.PixelPerfect", "Unity.2D.PixelPerfect.Player.csproj", "{DF577271-D5A2-3E2C-8F65-AE96771F4FFE}"
EndProject
Project("{FAE04EC0-301F-11D3-BF4B-00C04F79EFBC}") = "Unity.2D.Common.Runtime", "Unity.2D.Common.Runtime.Player.csproj", "{27BEBA1B-8BDC-3A73-CBAC-E055297F2315}"
EndProject
Global
	GlobalSection(SolutionConfigurationPlatforms) = preSolution
		Debug|Any CPU = Debug|Any CPU
		Release|Any CPU = Release|Any CPU
	EndGlobalSection
	GlobalSection(ProjectConfigurationPlatforms) = postSolution
		{1376409E-A407-B3CE-1DA0-4D030638DA0E}.Debug|Any CPU.ActiveCfg = Debug|Any CPU
		{1376409E-A407-B3CE-1DA0-4D030638DA0E}.Debug|Any CPU.Build.0 = Debug|Any CPU
		{1376409E-A407-B3CE-1DA0-4D030638DA0E}.Release|Any CPU.ActiveCfg = Release|Any CPU
		{1376409E-A407-B3CE-1DA0-4D030638DA0E}.Release|Any CPU.Build.0 = Release|Any CPU
		{6F2C1814-184F-357A-1A5B-6FAB23E3DB90}.Debug|Any CPU.ActiveCfg = Debug|Any CPU
		{6F2C1814-184F-357A-1A5B-6FAB23E3DB90}.Debug|Any CPU.Build.0 = Debug|Any CPU
		{6F2C1814-184F-357A-1A5B-6FAB23E3DB90}.Release|Any CPU.ActiveCfg = Release|Any CPU
		{6F2C1814-184F-357A-1A5B-6FAB23E3DB90}.Release|Any CPU.Build.0 = Release|Any CPU
		{BAE180E9-31C2-3D35-FE3C-48FA27E38C94}.Debug|Any CPU.ActiveCfg = Debug|Any CPU
		{BAE180E9-31C2-3D35-FE3C-48FA27E38C94}.Debug|Any CPU.Build.0 = Debug|Any CPU
		{BAE180E9-31C2-3D35-FE3C-48FA27E38C94}.Release|Any CPU.ActiveCfg = Release|Any CPU
		{BAE180E9-31C2-3D35-FE3C-48FA27E38C94}.Release|Any CPU.Build.0 = Release|Any CPU
		{486179CB-238D-A87D-66C9-6FB925DC2E8A}.Debug|Any CPU.ActiveCfg = Debug|Any CPU
		{486179CB-238D-A87D-66C9-6FB925DC2E8A}.Debug|Any CPU.Build.0 = Debug|Any CPU
		{486179CB-238D-A87D-66C9-6FB925DC2E8A}.Release|Any CPU.ActiveCfg = Release|Any CPU
		{486179CB-238D-A87D-66C9-6FB925DC2E8A}.Release|Any CPU.Build.0 = Release|Any CPU
		{EE6B0352-5E15-A3A3-9DB0-6D43D21D1BD9}.Debug|Any CPU.ActiveCfg = Debug|Any CPU
		{EE6B0352-5E15-A3A3-9DB0-6D43D21D1BD9}.Debug|Any CPU.Build.0 = Debug|Any CPU
		{EE6B0352-5E15-A3A3-9DB0-6D43D21D1BD9}.Release|Any CPU.ActiveCfg = Release|Any CPU
		{EE6B0352-5E15-A3A3-9DB0-6D43D21D1BD9}.Release|Any CPU.Build.0 = Release|Any CPU
		{5ED1622D-555C-135C-C769-67FC6F7C74BE}.Debug|Any CPU.ActiveCfg = Debug|Any CPU
		{5ED1622D-555C-135C-C769-67FC6F7C74BE}.Debug|Any CPU.Build.0 = Debug|Any CPU
		{5ED1622D-555C-135C-C769-67FC6F7C74BE}.Release|Any CPU.ActiveCfg = Release|Any CPU
		{5ED1622D-555C-135C-C769-67FC6F7C74BE}.Release|Any CPU.Build.0 = Release|Any CPU
		{E70A3DE1-50C3-FBF4-0588-F2EEA8C7579D}.Debug|Any CPU.ActiveCfg = Debug|Any CPU
		{E70A3DE1-50C3-FBF4-0588-F2EEA8C7579D}.Debug|Any CPU.Build.0 = Debug|Any CPU
		{E70A3DE1-50C3-FBF4-0588-F2EEA8C7579D}.Release|Any CPU.ActiveCfg = Release|Any CPU
		{E70A3DE1-50C3-FBF4-0588-F2EEA8C7579D}.Release|Any CPU.Build.0 = Release|Any CPU
		{8620E3FD-7C75-ABC6-5351-42F1EBB520B5}.Debug|Any CPU.ActiveCfg = Debug|Any CPU
		{8620E3FD-7C75-ABC6-5351-42F1EBB520B5}.Debug|Any CPU.Build.0 = Debug|Any CPU
		{8620E3FD-7C75-ABC6-5351-42F1EBB520B5}.Release|Any CPU.ActiveCfg = Release|Any CPU
		{8620E3FD-7C75-ABC6-5351-42F1EBB520B5}.Release|Any CPU.Build.0 = Release|Any CPU
		{8B9DC46A-DB24-B9FF-B161-D614A25D8481}.Debug|Any CPU.ActiveCfg = Debug|Any CPU
		{8B9DC46A-DB24-B9FF-B161-D614A25D8481}.Debug|Any CPU.Build.0 = Debug|Any CPU
		{8B9DC46A-DB24-B9FF-B161-D614A25D8481}.Release|Any CPU.ActiveCfg = Release|Any CPU
		{8B9DC46A-DB24-B9FF-B161-D614A25D8481}.Release|Any CPU.Build.0 = Release|Any CPU
		{3E17B6E6-9192-69F2-11B8-9CCEFC109DFF}.Debug|Any CPU.ActiveCfg = Debug|Any CPU
		{3E17B6E6-9192-69F2-11B8-9CCEFC109DFF}.Debug|Any CPU.Build.0 = Debug|Any CPU
		{3E17B6E6-9192-69F2-11B8-9CCEFC109DFF}.Release|Any CPU.ActiveCfg = Release|Any CPU
		{3E17B6E6-9192-69F2-11B8-9CCEFC109DFF}.Release|Any CPU.Build.0 = Release|Any CPU
		{D16254AB-5F66-BAAE-4D1D-5ECAE956E456}.Debug|Any CPU.ActiveCfg = Debug|Any CPU
		{D16254AB-5F66-BAAE-4D1D-5ECAE956E456}.Debug|Any CPU.Build.0 = Debug|Any CPU
		{D16254AB-5F66-BAAE-4D1D-5ECAE956E456}.Release|Any CPU.ActiveCfg = Release|Any CPU
		{D16254AB-5F66-BAAE-4D1D-5ECAE956E456}.Release|Any CPU.Build.0 = Release|Any CPU
		{6C1D7F62-D5C6-71A2-7BAC-3F9E93B6C34E}.Debug|Any CPU.ActiveCfg = Debug|Any CPU
		{6C1D7F62-D5C6-71A2-7BAC-3F9E93B6C34E}.Debug|Any CPU.Build.0 = Debug|Any CPU
		{6C1D7F62-D5C6-71A2-7BAC-3F9E93B6C34E}.Release|Any CPU.ActiveCfg = Release|Any CPU
		{6C1D7F62-D5C6-71A2-7BAC-3F9E93B6C34E}.Release|Any CPU.Build.0 = Release|Any CPU
		{794A20A0-9DF5-044A-4EDA-2D18DD711812}.Debug|Any CPU.ActiveCfg = Debug|Any CPU
		{794A20A0-9DF5-044A-4EDA-2D18DD711812}.Debug|Any CPU.Build.0 = Debug|Any CPU
		{794A20A0-9DF5-044A-4EDA-2D18DD711812}.Release|Any CPU.ActiveCfg = Release|Any CPU
		{794A20A0-9DF5-044A-4EDA-2D18DD711812}.Release|Any CPU.Build.0 = Release|Any CPU
		{341DA76E-7EDB-87F9-6261-5B97884697AF}.Debug|Any CPU.ActiveCfg = Debug|Any CPU
		{341DA76E-7EDB-87F9-6261-5B97884697AF}.Debug|Any CPU.Build.0 = Debug|Any CPU
		{341DA76E-7EDB-87F9-6261-5B97884697AF}.Release|Any CPU.ActiveCfg = Release|Any CPU
		{341DA76E-7EDB-87F9-6261-5B97884697AF}.Release|Any CPU.Build.0 = Release|Any CPU
		{36F9A8DD-9086-C9F7-CCD4-460D88508BCA}.Debug|Any CPU.ActiveCfg = Debug|Any CPU
		{36F9A8DD-9086-C9F7-CCD4-460D88508BCA}.Debug|Any CPU.Build.0 = Debug|Any CPU
		{36F9A8DD-9086-C9F7-CCD4-460D88508BCA}.Release|Any CPU.ActiveCfg = Release|Any CPU
		{36F9A8DD-9086-C9F7-CCD4-460D88508BCA}.Release|Any CPU.Build.0 = Release|Any CPU
		{5A650FBB-BB6D-CC44-7628-48819FCA1922}.Debug|Any CPU.ActiveCfg = Debug|Any CPU
		{5A650FBB-BB6D-CC44-7628-48819FCA1922}.Debug|Any CPU.Build.0 = Debug|Any CPU
		{5A650FBB-BB6D-CC44-7628-48819FCA1922}.Release|Any CPU.ActiveCfg = Release|Any CPU
		{5A650FBB-BB6D-CC44-7628-48819FCA1922}.Release|Any CPU.Build.0 = Release|Any CPU
		{E3FCEC1E-6038-55CE-EA02-893D24019A39}.Debug|Any CPU.ActiveCfg = Debug|Any CPU
		{E3FCEC1E-6038-55CE-EA02-893D24019A39}.Debug|Any CPU.Build.0 = Debug|Any CPU
		{E3FCEC1E-6038-55CE-EA02-893D24019A39}.Release|Any CPU.ActiveCfg = Release|Any CPU
		{E3FCEC1E-6038-55CE-EA02-893D24019A39}.Release|Any CPU.Build.0 = Release|Any CPU
		{F5596D3C-02D5-7AE8-181A-3A46340B590B}.Debug|Any CPU.ActiveCfg = Debug|Any CPU
		{F5596D3C-02D5-7AE8-181A-3A46340B590B}.Debug|Any CPU.Build.0 = Debug|Any CPU
		{F5596D3C-02D5-7AE8-181A-3A46340B590B}.Release|Any CPU.ActiveCfg = Release|Any CPU
		{F5596D3C-02D5-7AE8-181A-3A46340B590B}.Release|Any CPU.Build.0 = Release|Any CPU
		{C21D4ACC-A9BD-707F-6F84-0AFC46F71705}.Debug|Any CPU.ActiveCfg = Debug|Any CPU
		{C21D4ACC-A9BD-707F-6F84-0AFC46F71705}.Debug|Any CPU.Build.0 = Debug|Any CPU
		{C21D4ACC-A9BD-707F-6F84-0AFC46F71705}.Release|Any CPU.ActiveCfg = Release|Any CPU
		{C21D4ACC-A9BD-707F-6F84-0AFC46F71705}.Release|Any CPU.Build.0 = Release|Any CPU
		{BA36F3C2-4A4E-08AA-8C9E-E45B83C7ED63}.Debug|Any CPU.ActiveCfg = Debug|Any CPU
		{BA36F3C2-4A4E-08AA-8C9E-E45B83C7ED63}.Debug|Any CPU.Build.0 = Debug|Any CPU
		{BA36F3C2-4A4E-08AA-8C9E-E45B83C7ED63}.Release|Any CPU.ActiveCfg = Release|Any CPU
		{BA36F3C2-4A4E-08AA-8C9E-E45B83C7ED63}.Release|Any CPU.Build.0 = Release|Any CPU
		{ED00777C-AE8D-D896-50E5-8258AA804864}.Debug|Any CPU.ActiveCfg = Debug|Any CPU
		{ED00777C-AE8D-D896-50E5-8258AA804864}.Debug|Any CPU.Build.0 = Debug|Any CPU
		{ED00777C-AE8D-D896-50E5-8258AA804864}.Release|Any CPU.ActiveCfg = Release|Any CPU
		{ED00777C-AE8D-D896-50E5-8258AA804864}.Release|Any CPU.Build.0 = Release|Any CPU
		{EEE35028-8364-5CF4-F47B-FDE3899A67A0}.Debug|Any CPU.ActiveCfg = Debug|Any CPU
		{EEE35028-8364-5CF4-F47B-FDE3899A67A0}.Debug|Any CPU.Build.0 = Debug|Any CPU
		{EEE35028-8364-5CF4-F47B-FDE3899A67A0}.Release|Any CPU.ActiveCfg = Release|Any CPU
		{EEE35028-8364-5CF4-F47B-FDE3899A67A0}.Release|Any CPU.Build.0 = Release|Any CPU
		{9D38E2BB-506E-7821-5910-B325B4C931E1}.Debug|Any CPU.ActiveCfg = Debug|Any CPU
		{9D38E2BB-506E-7821-5910-B325B4C931E1}.Debug|Any CPU.Build.0 = Debug|Any CPU
		{9D38E2BB-506E-7821-5910-B325B4C931E1}.Release|Any CPU.ActiveCfg = Release|Any CPU
		{9D38E2BB-506E-7821-5910-B325B4C931E1}.Release|Any CPU.Build.0 = Release|Any CPU
		{3934EF3B-88DC-7A0E-EC7A-47EA1704A295}.Debug|Any CPU.ActiveCfg = Debug|Any CPU
		{3934EF3B-88DC-7A0E-EC7A-47EA1704A295}.Debug|Any CPU.Build.0 = Debug|Any CPU
		{3934EF3B-88DC-7A0E-EC7A-47EA1704A295}.Release|Any CPU.ActiveCfg = Release|Any CPU
		{3934EF3B-88DC-7A0E-EC7A-47EA1704A295}.Release|Any CPU.Build.0 = Release|Any CPU
		{9EEBD243-0D68-1F09-5918-F3302371F097}.Debug|Any CPU.ActiveCfg = Debug|Any CPU
		{9EEBD243-0D68-1F09-5918-F3302371F097}.Debug|Any CPU.Build.0 = Debug|Any CPU
		{9EEBD243-0D68-1F09-5918-F3302371F097}.Release|Any CPU.ActiveCfg = Release|Any CPU
		{9EEBD243-0D68-1F09-5918-F3302371F097}.Release|Any CPU.Build.0 = Release|Any CPU
		{09480521-8283-3E23-8D45-E05F94B4E26C}.Debug|Any CPU.ActiveCfg = Debug|Any CPU
		{09480521-8283-3E23-8D45-E05F94B4E26C}.Debug|Any CPU.Build.0 = Debug|Any CPU
		{09480521-8283-3E23-8D45-E05F94B4E26C}.Release|Any CPU.ActiveCfg = Release|Any CPU
		{09480521-8283-3E23-8D45-E05F94B4E26C}.Release|Any CPU.Build.0 = Release|Any CPU
		{0A40A45F-6E47-F51D-78E9-5857A790BCE9}.Debug|Any CPU.ActiveCfg = Debug|Any CPU
		{0A40A45F-6E47-F51D-78E9-5857A790BCE9}.Debug|Any CPU.Build.0 = Debug|Any CPU
		{0A40A45F-6E47-F51D-78E9-5857A790BCE9}.Release|Any CPU.ActiveCfg = Release|Any CPU
		{0A40A45F-6E47-F51D-78E9-5857A790BCE9}.Release|Any CPU.Build.0 = Release|Any CPU
		{357FB412-FB56-9044-AD8C-980249F9D88B}.Debug|Any CPU.ActiveCfg = Debug|Any CPU
		{357FB412-FB56-9044-AD8C-980249F9D88B}.Debug|Any CPU.Build.0 = Debug|Any CPU
		{357FB412-FB56-9044-AD8C-980249F9D88B}.Release|Any CPU.ActiveCfg = Release|Any CPU
		{357FB412-FB56-9044-AD8C-980249F9D88B}.Release|Any CPU.Build.0 = Release|Any CPU
		{9870AE6A-6DDD-B973-4270-B39019D1E347}.Debug|Any CPU.ActiveCfg = Debug|Any CPU
		{9870AE6A-6DDD-B973-4270-B39019D1E347}.Debug|Any CPU.Build.0 = Debug|Any CPU
		{9870AE6A-6DDD-B973-4270-B39019D1E347}.Release|Any CPU.ActiveCfg = Release|Any CPU
		{9870AE6A-6DDD-B973-4270-B39019D1E347}.Release|Any CPU.Build.0 = Release|Any CPU
		{FC154B6E-2BE6-8608-A666-4FE8112EA248}.Debug|Any CPU.ActiveCfg = Debug|Any CPU
		{FC154B6E-2BE6-8608-A666-4FE8112EA248}.Debug|Any CPU.Build.0 = Debug|Any CPU
		{FC154B6E-2BE6-8608-A666-4FE8112EA248}.Release|Any CPU.ActiveCfg = Release|Any CPU
		{FC154B6E-2BE6-8608-A666-4FE8112EA248}.Release|Any CPU.Build.0 = Release|Any CPU
		{6AA94FF5-90C0-037F-48B9-3272A2987697}.Debug|Any CPU.ActiveCfg = Debug|Any CPU
		{6AA94FF5-90C0-037F-48B9-3272A2987697}.Debug|Any CPU.Build.0 = Debug|Any CPU
		{6AA94FF5-90C0-037F-48B9-3272A2987697}.Release|Any CPU.ActiveCfg = Release|Any CPU
		{6AA94FF5-90C0-037F-48B9-3272A2987697}.Release|Any CPU.Build.0 = Release|Any CPU
		{EC39D48B-FC9E-08CF-F286-09CE09BC2177}.Debug|Any CPU.ActiveCfg = Debug|Any CPU
		{EC39D48B-FC9E-08CF-F286-09CE09BC2177}.Debug|Any CPU.Build.0 = Debug|Any CPU
		{EC39D48B-FC9E-08CF-F286-09CE09BC2177}.Release|Any CPU.ActiveCfg = Release|Any CPU
		{EC39D48B-FC9E-08CF-F286-09CE09BC2177}.Release|Any CPU.Build.0 = Release|Any CPU
		{D6A048E5-FD62-E7B3-668B-DD110CFC9D10}.Debug|Any CPU.ActiveCfg = Debug|Any CPU
		{D6A048E5-FD62-E7B3-668B-DD110CFC9D10}.Debug|Any CPU.Build.0 = Debug|Any CPU
		{D6A048E5-FD62-E7B3-668B-DD110CFC9D10}.Release|Any CPU.ActiveCfg = Release|Any CPU
		{D6A048E5-FD62-E7B3-668B-DD110CFC9D10}.Release|Any CPU.Build.0 = Release|Any CPU
		{8D1577F5-E870-70B3-0213-1FF7C7EF56F2}.Debug|Any CPU.ActiveCfg = Debug|Any CPU
		{8D1577F5-E870-70B3-0213-1FF7C7EF56F2}.Debug|Any CPU.Build.0 = Debug|Any CPU
		{8D1577F5-E870-70B3-0213-1FF7C7EF56F2}.Release|Any CPU.ActiveCfg = Release|Any CPU
		{8D1577F5-E870-70B3-0213-1FF7C7EF56F2}.Release|Any CPU.Build.0 = Release|Any CPU
		{8FBFC34D-3DEB-09DD-6E7D-67A198FA5F70}.Debug|Any CPU.ActiveCfg = Debug|Any CPU
		{8FBFC34D-3DEB-09DD-6E7D-67A198FA5F70}.Debug|Any CPU.Build.0 = Debug|Any CPU
		{8FBFC34D-3DEB-09DD-6E7D-67A198FA5F70}.Release|Any CPU.ActiveCfg = Release|Any CPU
		{8FBFC34D-3DEB-09DD-6E7D-67A198FA5F70}.Release|Any CPU.Build.0 = Release|Any CPU
		{18960894-03C1-3799-1CF7-AE809FA67B69}.Debug|Any CPU.ActiveCfg = Debug|Any CPU
		{18960894-03C1-3799-1CF7-AE809FA67B69}.Debug|Any CPU.Build.0 = Debug|Any CPU
		{18960894-03C1-3799-1CF7-AE809FA67B69}.Release|Any CPU.ActiveCfg = Release|Any CPU
		{18960894-03C1-3799-1CF7-AE809FA67B69}.Release|Any CPU.Build.0 = Release|Any CPU
		{EF0AC1B9-DB88-9EED-338D-C40D0EDD7B5A}.Debug|Any CPU.ActiveCfg = Debug|Any CPU
		{EF0AC1B9-DB88-9EED-338D-C40D0EDD7B5A}.Debug|Any CPU.Build.0 = Debug|Any CPU
		{EF0AC1B9-DB88-9EED-338D-C40D0EDD7B5A}.Release|Any CPU.ActiveCfg = Release|Any CPU
		{EF0AC1B9-DB88-9EED-338D-C40D0EDD7B5A}.Release|Any CPU.Build.0 = Release|Any CPU
		{90731B63-AA41-D21C-CDAB-DD377F5B5F75}.Debug|Any CPU.ActiveCfg = Debug|Any CPU
		{90731B63-AA41-D21C-CDAB-DD377F5B5F75}.Debug|Any CPU.Build.0 = Debug|Any CPU
		{90731B63-AA41-D21C-CDAB-DD377F5B5F75}.Release|Any CPU.ActiveCfg = Release|Any CPU
		{90731B63-AA41-D21C-CDAB-DD377F5B5F75}.Release|Any CPU.Build.0 = Release|Any CPU
		{96A3C707-68FB-15CE-A6DB-BD68807307D8}.Debug|Any CPU.ActiveCfg = Debug|Any CPU
		{96A3C707-68FB-15CE-A6DB-BD68807307D8}.Debug|Any CPU.Build.0 = Debug|Any CPU
		{96A3C707-68FB-15CE-A6DB-BD68807307D8}.Release|Any CPU.ActiveCfg = Release|Any CPU
		{96A3C707-68FB-15CE-A6DB-BD68807307D8}.Release|Any CPU.Build.0 = Release|Any CPU
		{BDBFB23F-FA63-6794-87EF-07EAD7FC88BE}.Debug|Any CPU.ActiveCfg = Debug|Any CPU
		{BDBFB23F-FA63-6794-87EF-07EAD7FC88BE}.Debug|Any CPU.Build.0 = Debug|Any CPU
		{BDBFB23F-FA63-6794-87EF-07EAD7FC88BE}.Release|Any CPU.ActiveCfg = Release|Any CPU
		{BDBFB23F-FA63-6794-87EF-07EAD7FC88BE}.Release|Any CPU.Build.0 = Release|Any CPU
		{89FA1DD6-64C0-1736-B42C-EAD368D36688}.Debug|Any CPU.ActiveCfg = Debug|Any CPU
		{89FA1DD6-64C0-1736-B42C-EAD368D36688}.Debug|Any CPU.Build.0 = Debug|Any CPU
		{89FA1DD6-64C0-1736-B42C-EAD368D36688}.Release|Any CPU.ActiveCfg = Release|Any CPU
		{89FA1DD6-64C0-1736-B42C-EAD368D36688}.Release|Any CPU.Build.0 = Release|Any CPU
		{8A43D3EB-368D-4D30-49D9-C8B5A2638554}.Debug|Any CPU.ActiveCfg = Debug|Any CPU
		{8A43D3EB-368D-4D30-49D9-C8B5A2638554}.Debug|Any CPU.Build.0 = Debug|Any CPU
		{8A43D3EB-368D-4D30-49D9-C8B5A2638554}.Release|Any CPU.ActiveCfg = Release|Any CPU
		{8A43D3EB-368D-4D30-49D9-C8B5A2638554}.Release|Any CPU.Build.0 = Release|Any CPU
		{D7481466-58AB-0200-DFA0-76799C4EC22C}.Debug|Any CPU.ActiveCfg = Debug|Any CPU
		{D7481466-58AB-0200-DFA0-76799C4EC22C}.Debug|Any CPU.Build.0 = Debug|Any CPU
		{D7481466-58AB-0200-DFA0-76799C4EC22C}.Release|Any CPU.ActiveCfg = Release|Any CPU
		{D7481466-58AB-0200-DFA0-76799C4EC22C}.Release|Any CPU.Build.0 = Release|Any CPU
		{B3EF9B78-F4E0-3F3B-5A59-BBD81909D503}.Debug|Any CPU.ActiveCfg = Debug|Any CPU
		{B3EF9B78-F4E0-3F3B-5A59-BBD81909D503}.Debug|Any CPU.Build.0 = Debug|Any CPU
		{B3EF9B78-F4E0-3F3B-5A59-BBD81909D503}.Release|Any CPU.ActiveCfg = Release|Any CPU
		{B3EF9B78-F4E0-3F3B-5A59-BBD81909D503}.Release|Any CPU.Build.0 = Release|Any CPU
		{5196B5C7-4ABD-B139-E8A4-4B86FF49709B}.Debug|Any CPU.ActiveCfg = Debug|Any CPU
		{5196B5C7-4ABD-B139-E8A4-4B86FF49709B}.Debug|Any CPU.Build.0 = Debug|Any CPU
		{5196B5C7-4ABD-B139-E8A4-4B86FF49709B}.Release|Any CPU.ActiveCfg = Release|Any CPU
		{5196B5C7-4ABD-B139-E8A4-4B86FF49709B}.Release|Any CPU.Build.0 = Release|Any CPU
		{025A4184-60F1-3ECB-4FE2-4EAD051CFCDA}.Debug|Any CPU.ActiveCfg = Debug|Any CPU
		{025A4184-60F1-3ECB-4FE2-4EAD051CFCDA}.Debug|Any CPU.Build.0 = Debug|Any CPU
		{025A4184-60F1-3ECB-4FE2-4EAD051CFCDA}.Release|Any CPU.ActiveCfg = Release|Any CPU
		{025A4184-60F1-3ECB-4FE2-4EAD051CFCDA}.Release|Any CPU.Build.0 = Release|Any CPU
		{EBFE533F-B815-6395-DCF2-D5EA4D72CA65}.Debug|Any CPU.ActiveCfg = Debug|Any CPU
		{EBFE533F-B815-6395-DCF2-D5EA4D72CA65}.Debug|Any CPU.Build.0 = Debug|Any CPU
		{EBFE533F-B815-6395-DCF2-D5EA4D72CA65}.Release|Any CPU.ActiveCfg = Release|Any CPU
		{EBFE533F-B815-6395-DCF2-D5EA4D72CA65}.Release|Any CPU.Build.0 = Release|Any CPU
		{0327D06B-204B-EC0C-B7B2-305A824F1A51}.Debug|Any CPU.ActiveCfg = Debug|Any CPU
		{0327D06B-204B-EC0C-B7B2-305A824F1A51}.Debug|Any CPU.Build.0 = Debug|Any CPU
		{0327D06B-204B-EC0C-B7B2-305A824F1A51}.Release|Any CPU.ActiveCfg = Release|Any CPU
		{0327D06B-204B-EC0C-B7B2-305A824F1A51}.Release|Any CPU.Build.0 = Release|Any CPU
		{A7E8FD0D-6A49-F92B-C8A5-AFBF37C125BA}.Debug|Any CPU.ActiveCfg = Debug|Any CPU
		{A7E8FD0D-6A49-F92B-C8A5-AFBF37C125BA}.Debug|Any CPU.Build.0 = Debug|Any CPU
		{A7E8FD0D-6A49-F92B-C8A5-AFBF37C125BA}.Release|Any CPU.ActiveCfg = Release|Any CPU
		{A7E8FD0D-6A49-F92B-C8A5-AFBF37C125BA}.Release|Any CPU.Build.0 = Release|Any CPU
		{70AE3574-53B7-C863-7D4F-92C375978618}.Debug|Any CPU.ActiveCfg = Debug|Any CPU
		{70AE3574-53B7-C863-7D4F-92C375978618}.Debug|Any CPU.Build.0 = Debug|Any CPU
		{70AE3574-53B7-C863-7D4F-92C375978618}.Release|Any CPU.ActiveCfg = Release|Any CPU
		{70AE3574-53B7-C863-7D4F-92C375978618}.Release|Any CPU.Build.0 = Release|Any CPU
		{8D3DAE3D-FD94-43C1-37AC-969453F1792D}.Debug|Any CPU.ActiveCfg = Debug|Any CPU
		{8D3DAE3D-FD94-43C1-37AC-969453F1792D}.Debug|Any CPU.Build.0 = Debug|Any CPU
		{8D3DAE3D-FD94-43C1-37AC-969453F1792D}.Release|Any CPU.ActiveCfg = Release|Any CPU
		{8D3DAE3D-FD94-43C1-37AC-969453F1792D}.Release|Any CPU.Build.0 = Release|Any CPU
		{867B8080-ED26-711E-CDA9-C5917FE1379A}.Debug|Any CPU.ActiveCfg = Debug|Any CPU
		{867B8080-ED26-711E-CDA9-C5917FE1379A}.Debug|Any CPU.Build.0 = Debug|Any CPU
		{867B8080-ED26-711E-CDA9-C5917FE1379A}.Release|Any CPU.ActiveCfg = Release|Any CPU
		{867B8080-ED26-711E-CDA9-C5917FE1379A}.Release|Any CPU.Build.0 = Release|Any CPU
		{3CD4B6F9-6DBF-E51D-5F26-B539FD774628}.Debug|Any CPU.ActiveCfg = Debug|Any CPU
		{3CD4B6F9-6DBF-E51D-5F26-B539FD774628}.Debug|Any CPU.Build.0 = Debug|Any CPU
		{3CD4B6F9-6DBF-E51D-5F26-B539FD774628}.Release|Any CPU.ActiveCfg = Release|Any CPU
		{3CD4B6F9-6DBF-E51D-5F26-B539FD774628}.Release|Any CPU.Build.0 = Release|Any CPU
		{E3D849B4-173B-5CF1-CC58-A856EB787EF6}.Debug|Any CPU.ActiveCfg = Debug|Any CPU
		{E3D849B4-173B-5CF1-CC58-A856EB787EF6}.Debug|Any CPU.Build.0 = Debug|Any CPU
		{E3D849B4-173B-5CF1-CC58-A856EB787EF6}.Release|Any CPU.ActiveCfg = Release|Any CPU
		{E3D849B4-173B-5CF1-CC58-A856EB787EF6}.Release|Any CPU.Build.0 = Release|Any CPU
		{1D5AD51D-4B49-8468-685D-0D98D917D819}.Debug|Any CPU.ActiveCfg = Debug|Any CPU
		{1D5AD51D-4B49-8468-685D-0D98D917D819}.Debug|Any CPU.Build.0 = Debug|Any CPU
		{1D5AD51D-4B49-8468-685D-0D98D917D819}.Release|Any CPU.ActiveCfg = Release|Any CPU
		{1D5AD51D-4B49-8468-685D-0D98D917D819}.Release|Any CPU.Build.0 = Release|Any CPU
		{8B746B0A-6338-4CFC-22D4-35A765BAD4CC}.Debug|Any CPU.ActiveCfg = Debug|Any CPU
		{8B746B0A-6338-4CFC-22D4-35A765BAD4CC}.Debug|Any CPU.Build.0 = Debug|Any CPU
		{8B746B0A-6338-4CFC-22D4-35A765BAD4CC}.Release|Any CPU.ActiveCfg = Release|Any CPU
		{8B746B0A-6338-4CFC-22D4-35A765BAD4CC}.Release|Any CPU.Build.0 = Release|Any CPU
		{DA4CD255-3319-2711-7153-373873ABD193}.Debug|Any CPU.ActiveCfg = Debug|Any CPU
		{DA4CD255-3319-2711-7153-373873ABD193}.Debug|Any CPU.Build.0 = Debug|Any CPU
		{DA4CD255-3319-2711-7153-373873ABD193}.Release|Any CPU.ActiveCfg = Release|Any CPU
		{DA4CD255-3319-2711-7153-373873ABD193}.Release|Any CPU.Build.0 = Release|Any CPU
		{C269E0FB-EFDB-10D0-8F6C-14EC0A828ED1}.Debug|Any CPU.ActiveCfg = Debug|Any CPU
		{C269E0FB-EFDB-10D0-8F6C-14EC0A828ED1}.Debug|Any CPU.Build.0 = Debug|Any CPU
		{C269E0FB-EFDB-10D0-8F6C-14EC0A828ED1}.Release|Any CPU.ActiveCfg = Release|Any CPU
		{C269E0FB-EFDB-10D0-8F6C-14EC0A828ED1}.Release|Any CPU.Build.0 = Release|Any CPU
		{9A65DDE0-E8B9-A748-614A-8CD29D9077A0}.Debug|Any CPU.ActiveCfg = Debug|Any CPU
		{9A65DDE0-E8B9-A748-614A-8CD29D9077A0}.Debug|Any CPU.Build.0 = Debug|Any CPU
		{9A65DDE0-E8B9-A748-614A-8CD29D9077A0}.Release|Any CPU.ActiveCfg = Release|Any CPU
		{9A65DDE0-E8B9-A748-614A-8CD29D9077A0}.Release|Any CPU.Build.0 = Release|Any CPU
		{AC80683E-AB39-A7D4-1E78-FDC1E57FA093}.Debug|Any CPU.ActiveCfg = Debug|Any CPU
		{AC80683E-AB39-A7D4-1E78-FDC1E57FA093}.Debug|Any CPU.Build.0 = Debug|Any CPU
		{AC80683E-AB39-A7D4-1E78-FDC1E57FA093}.Release|Any CPU.ActiveCfg = Release|Any CPU
		{AC80683E-AB39-A7D4-1E78-FDC1E57FA093}.Release|Any CPU.Build.0 = Release|Any CPU
		{275987BF-773C-B98E-356F-895A4EC320D0}.Debug|Any CPU.ActiveCfg = Debug|Any CPU
		{275987BF-773C-B98E-356F-895A4EC320D0}.Debug|Any CPU.Build.0 = Debug|Any CPU
		{275987BF-773C-B98E-356F-895A4EC320D0}.Release|Any CPU.ActiveCfg = Release|Any CPU
		{275987BF-773C-B98E-356F-895A4EC320D0}.Release|Any CPU.Build.0 = Release|Any CPU
		{B8517F22-5995-7759-9D71-400BE22FC867}.Debug|Any CPU.ActiveCfg = Debug|Any CPU
		{B8517F22-5995-7759-9D71-400BE22FC867}.Debug|Any CPU.Build.0 = Debug|Any CPU
		{B8517F22-5995-7759-9D71-400BE22FC867}.Release|Any CPU.ActiveCfg = Release|Any CPU
		{B8517F22-5995-7759-9D71-400BE22FC867}.Release|Any CPU.Build.0 = Release|Any CPU
		{7C9A7E5B-8EEE-7530-B7C7-D7871A123C77}.Debug|Any CPU.ActiveCfg = Debug|Any CPU
		{7C9A7E5B-8EEE-7530-B7C7-D7871A123C77}.Debug|Any CPU.Build.0 = Debug|Any CPU
		{7C9A7E5B-8EEE-7530-B7C7-D7871A123C77}.Release|Any CPU.ActiveCfg = Release|Any CPU
		{7C9A7E5B-8EEE-7530-B7C7-D7871A123C77}.Release|Any CPU.Build.0 = Release|Any CPU
		{E2721565-5D0E-CC0D-8CF6-CD4D3BF66E84}.Debug|Any CPU.ActiveCfg = Debug|Any CPU
		{E2721565-5D0E-CC0D-8CF6-CD4D3BF66E84}.Debug|Any CPU.Build.0 = Debug|Any CPU
		{E2721565-5D0E-CC0D-8CF6-CD4D3BF66E84}.Release|Any CPU.ActiveCfg = Release|Any CPU
		{E2721565-5D0E-CC0D-8CF6-CD4D3BF66E84}.Release|Any CPU.Build.0 = Release|Any CPU
		{C09B14E6-204A-D9BD-B33F-92D52570189D}.Debug|Any CPU.ActiveCfg = Debug|Any CPU
		{C09B14E6-204A-D9BD-B33F-92D52570189D}.Debug|Any CPU.Build.0 = Debug|Any CPU
		{C09B14E6-204A-D9BD-B33F-92D52570189D}.Release|Any CPU.ActiveCfg = Release|Any CPU
		{C09B14E6-204A-D9BD-B33F-92D52570189D}.Release|Any CPU.Build.0 = Release|Any CPU
		{2D5D0613-7821-42E3-365E-2869A7FA546B}.Debug|Any CPU.ActiveCfg = Debug|Any CPU
		{2D5D0613-7821-42E3-365E-2869A7FA546B}.Debug|Any CPU.Build.0 = Debug|Any CPU
		{2D5D0613-7821-42E3-365E-2869A7FA546B}.Release|Any CPU.ActiveCfg = Release|Any CPU
		{2D5D0613-7821-42E3-365E-2869A7FA546B}.Release|Any CPU.Build.0 = Release|Any CPU
		{51BBBAD1-B940-BB7E-E7D2-556D4B64C64B}.Debug|Any CPU.ActiveCfg = Debug|Any CPU
		{51BBBAD1-B940-BB7E-E7D2-556D4B64C64B}.Debug|Any CPU.Build.0 = Debug|Any CPU
		{51BBBAD1-B940-BB7E-E7D2-556D4B64C64B}.Release|Any CPU.ActiveCfg = Release|Any CPU
		{51BBBAD1-B940-BB7E-E7D2-556D4B64C64B}.Release|Any CPU.Build.0 = Release|Any CPU
		{69CF5D24-8349-A4EA-8575-3F72467DD300}.Debug|Any CPU.ActiveCfg = Debug|Any CPU
		{69CF5D24-8349-A4EA-8575-3F72467DD300}.Debug|Any CPU.Build.0 = Debug|Any CPU
		{69CF5D24-8349-A4EA-8575-3F72467DD300}.Release|Any CPU.ActiveCfg = Release|Any CPU
		{69CF5D24-8349-A4EA-8575-3F72467DD300}.Release|Any CPU.Build.0 = Release|Any CPU
		{03A5A508-7F58-700D-3411-002CCBCB1E47}.Debug|Any CPU.ActiveCfg = Debug|Any CPU
		{03A5A508-7F58-700D-3411-002CCBCB1E47}.Debug|Any CPU.Build.0 = Debug|Any CPU
		{03A5A508-7F58-700D-3411-002CCBCB1E47}.Release|Any CPU.ActiveCfg = Release|Any CPU
		{03A5A508-7F58-700D-3411-002CCBCB1E47}.Release|Any CPU.Build.0 = Release|Any CPU
		{3ED9CD9A-E38C-2B93-1A93-5229D870AFB3}.Debug|Any CPU.ActiveCfg = Debug|Any CPU
		{3ED9CD9A-E38C-2B93-1A93-5229D870AFB3}.Debug|Any CPU.Build.0 = Debug|Any CPU
		{3ED9CD9A-E38C-2B93-1A93-5229D870AFB3}.Release|Any CPU.ActiveCfg = Release|Any CPU
		{3ED9CD9A-E38C-2B93-1A93-5229D870AFB3}.Release|Any CPU.Build.0 = Release|Any CPU
		{DF577271-D5A2-3E2C-8F65-AE96771F4FFE}.Debug|Any CPU.ActiveCfg = Debug|Any CPU
		{DF577271-D5A2-3E2C-8F65-AE96771F4FFE}.Debug|Any CPU.Build.0 = Debug|Any CPU
		{DF577271-D5A2-3E2C-8F65-AE96771F4FFE}.Release|Any CPU.ActiveCfg = Release|Any CPU
		{DF577271-D5A2-3E2C-8F65-AE96771F4FFE}.Release|Any CPU.Build.0 = Release|Any CPU
		{27BEBA1B-8BDC-3A73-CBAC-E055297F2315}.Debug|Any CPU.ActiveCfg = Debug|Any CPU
		{27BEBA1B-8BDC-3A73-CBAC-E055297F2315}.Debug|Any CPU.Build.0 = Debug|Any CPU
		{27BEBA1B-8BDC-3A73-CBAC-E055297F2315}.Release|Any CPU.ActiveCfg = Release|Any CPU
		{27BEBA1B-8BDC-3A73-CBAC-E055297F2315}.Release|Any CPU.Build.0 = Release|Any CPU
	EndGlobalSection
	GlobalSection(SolutionProperties) = preSolution
		HideSolutionNode = FALSE
	EndGlobalSection
EndGlobal
